// !$*UTF8*$!
{
	archiveVersion = 1;
	classes = {
	};
	objectVersion = 46;
	objects = {

/* Begin PBXBuildFile section */
		14EAD2346B71706F644A560B /* Pods.framework in Frameworks */ = {isa = PBXBuildFile; fileRef = 3B2FA0804A289FF7D7DCF412 /* Pods.framework */; };
		7ABEEDA21C32D43600B8C309 /* AppDelegate.swift in Sources */ = {isa = PBXBuildFile; fileRef = 7ABEEDA11C32D43600B8C309 /* AppDelegate.swift */; };
		7ABEEDA41C32D43600B8C309 /* ViewController.swift in Sources */ = {isa = PBXBuildFile; fileRef = 7ABEEDA31C32D43600B8C309 /* ViewController.swift */; };
		7ABEEDA71C32D43600B8C309 /* Main.storyboard in Resources */ = {isa = PBXBuildFile; fileRef = 7ABEEDA51C32D43600B8C309 /* Main.storyboard */; };
		7ABEEDAA1C32D43600B8C309 /* Prime_IT.xcdatamodeld in Sources */ = {isa = PBXBuildFile; fileRef = 7ABEEDA81C32D43600B8C309 /* Prime_IT.xcdatamodeld */; };
		7ABEEDAC1C32D43600B8C309 /* Assets.xcassets in Resources */ = {isa = PBXBuildFile; fileRef = 7ABEEDAB1C32D43600B8C309 /* Assets.xcassets */; };
		7ABEEDAF1C32D43600B8C309 /* LaunchScreen.storyboard in Resources */ = {isa = PBXBuildFile; fileRef = 7ABEEDAD1C32D43600B8C309 /* LaunchScreen.storyboard */; };
		7ABEEDBA1C32D43700B8C309 /* Prime_ITTests.swift in Sources */ = {isa = PBXBuildFile; fileRef = 7ABEEDB91C32D43700B8C309 /* Prime_ITTests.swift */; };
		7ABEEDC51C32D43700B8C309 /* Prime_ITUITests.swift in Sources */ = {isa = PBXBuildFile; fileRef = 7ABEEDC41C32D43700B8C309 /* Prime_ITUITests.swift */; };
		7ABEEDD41C32F56700B8C309 /* MaterialView.swift in Sources */ = {isa = PBXBuildFile; fileRef = 7ABEEDD31C32F56700B8C309 /* MaterialView.swift */; };
		7ABEEDD61C32F59700B8C309 /* Constants.swift in Sources */ = {isa = PBXBuildFile; fileRef = 7ABEEDD51C32F59700B8C309 /* Constants.swift */; };
		7ABEEDD81C32FE3900B8C309 /* MaterialButton.swift in Sources */ = {isa = PBXBuildFile; fileRef = 7ABEEDD71C32FE3900B8C309 /* MaterialButton.swift */; };
		7ABEEDDA1C32FE7B00B8C309 /* MaterialTextField.swift in Sources */ = {isa = PBXBuildFile; fileRef = 7ABEEDD91C32FE7B00B8C309 /* MaterialTextField.swift */; };
/* End PBXBuildFile section */

/* Begin PBXContainerItemProxy section */
		7ABEEDB61C32D43600B8C309 /* PBXContainerItemProxy */ = {
			isa = PBXContainerItemProxy;
			containerPortal = 7ABEED961C32D43600B8C309 /* Project object */;
			proxyType = 1;
			remoteGlobalIDString = 7ABEED9D1C32D43600B8C309;
			remoteInfo = "Prime-IT";
		};
		7ABEEDC11C32D43700B8C309 /* PBXContainerItemProxy */ = {
			isa = PBXContainerItemProxy;
			containerPortal = 7ABEED961C32D43600B8C309 /* Project object */;
			proxyType = 1;
			remoteGlobalIDString = 7ABEED9D1C32D43600B8C309;
			remoteInfo = "Prime-IT";
		};
/* End PBXContainerItemProxy section */

/* Begin PBXFileReference section */
		3B2FA0804A289FF7D7DCF412 /* Pods.framework */ = {isa = PBXFileReference; explicitFileType = wrapper.framework; includeInIndex = 0; path = Pods.framework; sourceTree = BUILT_PRODUCTS_DIR; };
		7ABEED9E1C32D43600B8C309 /* Prime-IT.app */ = {isa = PBXFileReference; explicitFileType = wrapper.application; includeInIndex = 0; path = "Prime-IT.app"; sourceTree = BUILT_PRODUCTS_DIR; };
		7ABEEDA11C32D43600B8C309 /* AppDelegate.swift */ = {isa = PBXFileReference; lastKnownFileType = sourcecode.swift; path = AppDelegate.swift; sourceTree = "<group>"; };
		7ABEEDA31C32D43600B8C309 /* ViewController.swift */ = {isa = PBXFileReference; lastKnownFileType = sourcecode.swift; path = ViewController.swift; sourceTree = "<group>"; };
		7ABEEDA61C32D43600B8C309 /* Base */ = {isa = PBXFileReference; lastKnownFileType = file.storyboard; name = Base; path = Base.lproj/Main.storyboard; sourceTree = "<group>"; };
		7ABEEDA91C32D43600B8C309 /* Prime_IT.xcdatamodel */ = {isa = PBXFileReference; lastKnownFileType = wrapper.xcdatamodel; path = Prime_IT.xcdatamodel; sourceTree = "<group>"; };
		7ABEEDAB1C32D43600B8C309 /* Assets.xcassets */ = {isa = PBXFileReference; lastKnownFileType = folder.assetcatalog; path = Assets.xcassets; sourceTree = "<group>"; };
		7ABEEDAE1C32D43600B8C309 /* Base */ = {isa = PBXFileReference; lastKnownFileType = file.storyboard; name = Base; path = Base.lproj/LaunchScreen.storyboard; sourceTree = "<group>"; };
		7ABEEDB01C32D43600B8C309 /* Info.plist */ = {isa = PBXFileReference; lastKnownFileType = text.plist.xml; path = Info.plist; sourceTree = "<group>"; };
		7ABEEDB51C32D43600B8C309 /* Prime-ITTests.xctest */ = {isa = PBXFileReference; explicitFileType = wrapper.cfbundle; includeInIndex = 0; path = "Prime-ITTests.xctest"; sourceTree = BUILT_PRODUCTS_DIR; };
		7ABEEDB91C32D43700B8C309 /* Prime_ITTests.swift */ = {isa = PBXFileReference; lastKnownFileType = sourcecode.swift; path = Prime_ITTests.swift; sourceTree = "<group>"; };
		7ABEEDBB1C32D43700B8C309 /* Info.plist */ = {isa = PBXFileReference; lastKnownFileType = text.plist.xml; path = Info.plist; sourceTree = "<group>"; };
		7ABEEDC01C32D43700B8C309 /* Prime-ITUITests.xctest */ = {isa = PBXFileReference; explicitFileType = wrapper.cfbundle; includeInIndex = 0; path = "Prime-ITUITests.xctest"; sourceTree = BUILT_PRODUCTS_DIR; };
		7ABEEDC41C32D43700B8C309 /* Prime_ITUITests.swift */ = {isa = PBXFileReference; lastKnownFileType = sourcecode.swift; path = Prime_ITUITests.swift; sourceTree = "<group>"; };
		7ABEEDC61C32D43700B8C309 /* Info.plist */ = {isa = PBXFileReference; lastKnownFileType = text.plist.xml; path = Info.plist; sourceTree = "<group>"; };
		7ABEEDD31C32F56700B8C309 /* MaterialView.swift */ = {isa = PBXFileReference; fileEncoding = 4; lastKnownFileType = sourcecode.swift; path = MaterialView.swift; sourceTree = "<group>"; };
		7ABEEDD51C32F59700B8C309 /* Constants.swift */ = {isa = PBXFileReference; fileEncoding = 4; lastKnownFileType = sourcecode.swift; path = Constants.swift; sourceTree = "<group>"; };
		7ABEEDD71C32FE3900B8C309 /* MaterialButton.swift */ = {isa = PBXFileReference; fileEncoding = 4; lastKnownFileType = sourcecode.swift; path = MaterialButton.swift; sourceTree = "<group>"; };
		7ABEEDD91C32FE7B00B8C309 /* MaterialTextField.swift */ = {isa = PBXFileReference; fileEncoding = 4; lastKnownFileType = sourcecode.swift; path = MaterialTextField.swift; sourceTree = "<group>"; };
		A1A62343FB6B6B6F1666CD5D /* Pods.release.xcconfig */ = {isa = PBXFileReference; includeInIndex = 1; lastKnownFileType = text.xcconfig; name = Pods.release.xcconfig; path = "Pods/Target Support Files/Pods/Pods.release.xcconfig"; sourceTree = "<group>"; };
		BC5332E3C97C24D92D224A88 /* Pods.debug.xcconfig */ = {isa = PBXFileReference; includeInIndex = 1; lastKnownFileType = text.xcconfig; name = Pods.debug.xcconfig; path = "Pods/Target Support Files/Pods/Pods.debug.xcconfig"; sourceTree = "<group>"; };
/* End PBXFileReference section */

/* Begin PBXFrameworksBuildPhase section */
		7ABEED9B1C32D43600B8C309 /* Frameworks */ = {
			isa = PBXFrameworksBuildPhase;
			buildActionMask = 2147483647;
			files = (
				14EAD2346B71706F644A560B /* Pods.framework in Frameworks */,
			);
			runOnlyForDeploymentPostprocessing = 0;
		};
		7ABEEDB21C32D43600B8C309 /* Frameworks */ = {
			isa = PBXFrameworksBuildPhase;
			buildActionMask = 2147483647;
			files = (
			);
			runOnlyForDeploymentPostprocessing = 0;
		};
		7ABEEDBD1C32D43700B8C309 /* Frameworks */ = {
			isa = PBXFrameworksBuildPhase;
			buildActionMask = 2147483647;
			files = (
			);
			runOnlyForDeploymentPostprocessing = 0;
		};
/* End PBXFrameworksBuildPhase section */

/* Begin PBXGroup section */
		7ABEED951C32D43600B8C309 = {
			isa = PBXGroup;
			children = (
				7ABEEDA01C32D43600B8C309 /* Prime-IT */,
				7ABEEDB81C32D43600B8C309 /* Prime-ITTests */,
				7ABEEDC31C32D43700B8C309 /* Prime-ITUITests */,
				7ABEED9F1C32D43600B8C309 /* Products */,
				7D352DBE754A78A20EFA97D5 /* Pods */,
				C354F53D98C23AAA7F866EF0 /* Frameworks */,
			);
			sourceTree = "<group>";
		};
		7ABEED9F1C32D43600B8C309 /* Products */ = {
			isa = PBXGroup;
			children = (
				7ABEED9E1C32D43600B8C309 /* Prime-IT.app */,
				7ABEEDB51C32D43600B8C309 /* Prime-ITTests.xctest */,
				7ABEEDC01C32D43700B8C309 /* Prime-ITUITests.xctest */,
			);
			name = Products;
			sourceTree = "<group>";
		};
		7ABEEDA01C32D43600B8C309 /* Prime-IT */ = {
			isa = PBXGroup;
			children = (
				7ABEEDD21C32F51300B8C309 /* Resources */,
				7ABEEDA11C32D43600B8C309 /* AppDelegate.swift */,
				7ABEEDA31C32D43600B8C309 /* ViewController.swift */,
				7ABEEDA51C32D43600B8C309 /* Main.storyboard */,
				7ABEEDAB1C32D43600B8C309 /* Assets.xcassets */,
				7ABEEDAD1C32D43600B8C309 /* LaunchScreen.storyboard */,
				7ABEEDB01C32D43600B8C309 /* Info.plist */,
				7ABEEDA81C32D43600B8C309 /* Prime_IT.xcdatamodeld */,
			);
			path = "Prime-IT";
			sourceTree = "<group>";
		};
		7ABEEDB81C32D43600B8C309 /* Prime-ITTests */ = {
			isa = PBXGroup;
			children = (
				7ABEEDB91C32D43700B8C309 /* Prime_ITTests.swift */,
				7ABEEDBB1C32D43700B8C309 /* Info.plist */,
			);
			path = "Prime-ITTests";
			sourceTree = "<group>";
		};
		7ABEEDC31C32D43700B8C309 /* Prime-ITUITests */ = {
			isa = PBXGroup;
			children = (
				7ABEEDC41C32D43700B8C309 /* Prime_ITUITests.swift */,
				7ABEEDC61C32D43700B8C309 /* Info.plist */,
			);
			path = "Prime-ITUITests";
			sourceTree = "<group>";
		};
		7ABEEDD21C32F51300B8C309 /* Resources */ = {
			isa = PBXGroup;
			children = (
				7ABEEDD31C32F56700B8C309 /* MaterialView.swift */,
				7ABEEDD51C32F59700B8C309 /* Constants.swift */,
				7ABEEDD71C32FE3900B8C309 /* MaterialButton.swift */,
				7ABEEDD91C32FE7B00B8C309 /* MaterialTextField.swift */,
			);
			name = Resources;
			sourceTree = "<group>";
		};
		7D352DBE754A78A20EFA97D5 /* Pods */ = {
			isa = PBXGroup;
			children = (
				BC5332E3C97C24D92D224A88 /* Pods.debug.xcconfig */,
				A1A62343FB6B6B6F1666CD5D /* Pods.release.xcconfig */,
			);
			name = Pods;
			sourceTree = "<group>";
		};
		C354F53D98C23AAA7F866EF0 /* Frameworks */ = {
			isa = PBXGroup;
			children = (
				3B2FA0804A289FF7D7DCF412 /* Pods.framework */,
			);
			name = Frameworks;
			sourceTree = "<group>";
		};
/* End PBXGroup section */

/* Begin PBXNativeTarget section */
		7ABEED9D1C32D43600B8C309 /* Prime-IT */ = {
			isa = PBXNativeTarget;
			buildConfigurationList = 7ABEEDC91C32D43700B8C309 /* Build configuration list for PBXNativeTarget "Prime-IT" */;
			buildPhases = (
				A9A726573537D33CC5709972 /* Check Pods Manifest.lock */,
				7ABEED9A1C32D43600B8C309 /* Sources */,
				7ABEED9B1C32D43600B8C309 /* Frameworks */,
				7ABEED9C1C32D43600B8C309 /* Resources */,
				6624A56680F6892072F89295 /* Embed Pods Frameworks */,
				9F158915AEB218598E919ADE /* Copy Pods Resources */,
			);
			buildRules = (
			);
			dependencies = (
			);
			name = "Prime-IT";
			productName = "Prime-IT";
			productReference = 7ABEED9E1C32D43600B8C309 /* Prime-IT.app */;
			productType = "com.apple.product-type.application";
		};
		7ABEEDB41C32D43600B8C309 /* Prime-ITTests */ = {
			isa = PBXNativeTarget;
			buildConfigurationList = 7ABEEDCC1C32D43700B8C309 /* Build configuration list for PBXNativeTarget "Prime-ITTests" */;
			buildPhases = (
				7ABEEDB11C32D43600B8C309 /* Sources */,
				7ABEEDB21C32D43600B8C309 /* Frameworks */,
				7ABEEDB31C32D43600B8C309 /* Resources */,
			);
			buildRules = (
			);
			dependencies = (
				7ABEEDB71C32D43600B8C309 /* PBXTargetDependency */,
			);
			name = "Prime-ITTests";
			productName = "Prime-ITTests";
			productReference = 7ABEEDB51C32D43600B8C309 /* Prime-ITTests.xctest */;
			productType = "com.apple.product-type.bundle.unit-test";
		};
		7ABEEDBF1C32D43700B8C309 /* Prime-ITUITests */ = {
			isa = PBXNativeTarget;
			buildConfigurationList = 7ABEEDCF1C32D43700B8C309 /* Build configuration list for PBXNativeTarget "Prime-ITUITests" */;
			buildPhases = (
				7ABEEDBC1C32D43700B8C309 /* Sources */,
				7ABEEDBD1C32D43700B8C309 /* Frameworks */,
				7ABEEDBE1C32D43700B8C309 /* Resources */,
			);
			buildRules = (
			);
			dependencies = (
				7ABEEDC21C32D43700B8C309 /* PBXTargetDependency */,
			);
			name = "Prime-ITUITests";
			productName = "Prime-ITUITests";
			productReference = 7ABEEDC01C32D43700B8C309 /* Prime-ITUITests.xctest */;
			productType = "com.apple.product-type.bundle.ui-testing";
		};
/* End PBXNativeTarget section */

/* Begin PBXProject section */
		7ABEED961C32D43600B8C309 /* Project object */ = {
			isa = PBXProject;
			attributes = {
				LastSwiftUpdateCheck = 0710;
				LastUpgradeCheck = 0710;
				ORGANIZATIONNAME = "IT Mac";
				TargetAttributes = {
					7ABEED9D1C32D43600B8C309 = {
						CreatedOnToolsVersion = 7.1.1;
					};
					7ABEEDB41C32D43600B8C309 = {
						CreatedOnToolsVersion = 7.1.1;
						TestTargetID = 7ABEED9D1C32D43600B8C309;
					};
					7ABEEDBF1C32D43700B8C309 = {
						CreatedOnToolsVersion = 7.1.1;
						TestTargetID = 7ABEED9D1C32D43600B8C309;
					};
				};
			};
			buildConfigurationList = 7ABEED991C32D43600B8C309 /* Build configuration list for PBXProject "Prime-IT" */;
			compatibilityVersion = "Xcode 3.2";
			developmentRegion = English;
			hasScannedForEncodings = 0;
			knownRegions = (
				en,
				Base,
			);
			mainGroup = 7ABEED951C32D43600B8C309;
			productRefGroup = 7ABEED9F1C32D43600B8C309 /* Products */;
			projectDirPath = "";
			projectRoot = "";
			targets = (
				7ABEED9D1C32D43600B8C309 /* Prime-IT */,
				7ABEEDB41C32D43600B8C309 /* Prime-ITTests */,
				7ABEEDBF1C32D43700B8C309 /* Prime-ITUITests */,
			);
		};
/* End PBXProject section */

/* Begin PBXResourcesBuildPhase section */
		7ABEED9C1C32D43600B8C309 /* Resources */ = {
			isa = PBXResourcesBuildPhase;
			buildActionMask = 2147483647;
			files = (
				7ABEEDAF1C32D43600B8C309 /* LaunchScreen.storyboard in Resources */,
				7ABEEDAC1C32D43600B8C309 /* Assets.xcassets in Resources */,
				7ABEEDA71C32D43600B8C309 /* Main.storyboard in Resources */,
			);
			runOnlyForDeploymentPostprocessing = 0;
		};
		7ABEEDB31C32D43600B8C309 /* Resources */ = {
			isa = PBXResourcesBuildPhase;
			buildActionMask = 2147483647;
			files = (
			);
			runOnlyForDeploymentPostprocessing = 0;
		};
		7ABEEDBE1C32D43700B8C309 /* Resources */ = {
			isa = PBXResourcesBuildPhase;
			buildActionMask = 2147483647;
			files = (
			);
			runOnlyForDeploymentPostprocessing = 0;
		};
/* End PBXResourcesBuildPhase section */

/* Begin PBXShellScriptBuildPhase section */
		6624A56680F6892072F89295 /* Embed Pods Frameworks */ = {
			isa = PBXShellScriptBuildPhase;
			buildActionMask = 2147483647;
			files = (
			);
			inputPaths = (
			);
			name = "Embed Pods Frameworks";
			outputPaths = (
			);
			runOnlyForDeploymentPostprocessing = 0;
			shellPath = /bin/sh;
			shellScript = "\"${SRCROOT}/Pods/Target Support Files/Pods/Pods-frameworks.sh\"\n";
			showEnvVarsInLog = 0;
		};
		9F158915AEB218598E919ADE /* Copy Pods Resources */ = {
			isa = PBXShellScriptBuildPhase;
			buildActionMask = 2147483647;
			files = (
			);
			inputPaths = (
			);
			name = "Copy Pods Resources";
			outputPaths = (
			);
			runOnlyForDeploymentPostprocessing = 0;
			shellPath = /bin/sh;
			shellScript = "\"${SRCROOT}/Pods/Target Support Files/Pods/Pods-resources.sh\"\n";
			showEnvVarsInLog = 0;
		};
		A9A726573537D33CC5709972 /* Check Pods Manifest.lock */ = {
			isa = PBXShellScriptBuildPhase;
			buildActionMask = 2147483647;
			files = (
			);
			inputPaths = (
			);
			name = "Check Pods Manifest.lock";
			outputPaths = (
			);
			runOnlyForDeploymentPostprocessing = 0;
			shellPath = /bin/sh;
			shellScript = "diff \"${PODS_ROOT}/../Podfile.lock\" \"${PODS_ROOT}/Manifest.lock\" > /dev/null\nif [[ $? != 0 ]] ; then\n    cat << EOM\nerror: The sandbox is not in sync with the Podfile.lock. Run 'pod install' or update your CocoaPods installation.\nEOM\n    exit 1\nfi\n";
			showEnvVarsInLog = 0;
		};
/* End PBXShellScriptBuildPhase section */

/* Begin PBXSourcesBuildPhase section */
		7ABEED9A1C32D43600B8C309 /* Sources */ = {
			isa = PBXSourcesBuildPhase;
			buildActionMask = 2147483647;
			files = (
				7ABEEDD61C32F59700B8C309 /* Constants.swift in Sources */,
				7ABEEDAA1C32D43600B8C309 /* Prime_IT.xcdatamodeld in Sources */,
				7ABEEDD81C32FE3900B8C309 /* MaterialButton.swift in Sources */,
				7ABEEDA41C32D43600B8C309 /* ViewController.swift in Sources */,
				7ABEEDA21C32D43600B8C309 /* AppDelegate.swift in Sources */,
				7ABEEDD41C32F56700B8C309 /* MaterialView.swift in Sources */,
				7ABEEDDA1C32FE7B00B8C309 /* MaterialTextField.swift in Sources */,
			);
			runOnlyForDeploymentPostprocessing = 0;
		};
		7ABEEDB11C32D43600B8C309 /* Sources */ = {
			isa = PBXSourcesBuildPhase;
			buildActionMask = 2147483647;
			files = (
				7ABEEDBA1C32D43700B8C309 /* Prime_ITTests.swift in Sources */,
			);
			runOnlyForDeploymentPostprocessing = 0;
		};
		7ABEEDBC1C32D43700B8C309 /* Sources */ = {
			isa = PBXSourcesBuildPhase;
			buildActionMask = 2147483647;
			files = (
				7ABEEDC51C32D43700B8C309 /* Prime_ITUITests.swift in Sources */,
			);
			runOnlyForDeploymentPostprocessing = 0;
		};
/* End PBXSourcesBuildPhase section */

/* Begin PBXTargetDependency section */
		7ABEEDB71C32D43600B8C309 /* PBXTargetDependency */ = {
			isa = PBXTargetDependency;
			target = 7ABEED9D1C32D43600B8C309 /* Prime-IT */;
			targetProxy = 7ABEEDB61C32D43600B8C309 /* PBXContainerItemProxy */;
		};
		7ABEEDC21C32D43700B8C309 /* PBXTargetDependency */ = {
			isa = PBXTargetDependency;
			target = 7ABEED9D1C32D43600B8C309 /* Prime-IT */;
			targetProxy = 7ABEEDC11C32D43700B8C309 /* PBXContainerItemProxy */;
		};
/* End PBXTargetDependency section */

/* Begin PBXVariantGroup section */
		7ABEEDA51C32D43600B8C309 /* Main.storyboard */ = {
			isa = PBXVariantGroup;
			children = (
				7ABEEDA61C32D43600B8C309 /* Base */,
			);
			name = Main.storyboard;
			sourceTree = "<group>";
		};
		7ABEEDAD1C32D43600B8C309 /* LaunchScreen.storyboard */ = {
			isa = PBXVariantGroup;
			children = (
				7ABEEDAE1C32D43600B8C309 /* Base */,
			);
			name = LaunchScreen.storyboard;
			sourceTree = "<group>";
		};
/* End PBXVariantGroup section */

/* Begin XCBuildConfiguration section */
		7ABEEDC71C32D43700B8C309 /* Debug */ = {
			isa = XCBuildConfiguration;
			buildSettings = {
				ALWAYS_SEARCH_USER_PATHS = NO;
				CLANG_CXX_LANGUAGE_STANDARD = "gnu++0x";
				CLANG_CXX_LIBRARY = "libc++";
				CLANG_ENABLE_MODULES = YES;
				CLANG_ENABLE_OBJC_ARC = YES;
				CLANG_WARN_BOOL_CONVERSION = YES;
				CLANG_WARN_CONSTANT_CONVERSION = YES;
				CLANG_WARN_DIRECT_OBJC_ISA_USAGE = YES_ERROR;
				CLANG_WARN_EMPTY_BODY = YES;
				CLANG_WARN_ENUM_CONVERSION = YES;
				CLANG_WARN_INT_CONVERSION = YES;
				CLANG_WARN_OBJC_ROOT_CLASS = YES_ERROR;
				CLANG_WARN_UNREACHABLE_CODE = YES;
				CLANG_WARN__DUPLICATE_METHOD_MATCH = YES;
				"CODE_SIGN_IDENTITY[sdk=iphoneos*]" = "iPhone Developer";
				COPY_PHASE_STRIP = NO;
				DEBUG_INFORMATION_FORMAT = dwarf;
				ENABLE_STRICT_OBJC_MSGSEND = YES;
				ENABLE_TESTABILITY = YES;
				GCC_C_LANGUAGE_STANDARD = gnu99;
				GCC_DYNAMIC_NO_PIC = NO;
				GCC_NO_COMMON_BLOCKS = YES;
				GCC_OPTIMIZATION_LEVEL = 0;
				GCC_PREPROCESSOR_DEFINITIONS = (
					"DEBUG=1",
					"$(inherited)",
				);
				GCC_WARN_64_TO_32_BIT_CONVERSION = YES;
				GCC_WARN_ABOUT_RETURN_TYPE = YES_ERROR;
				GCC_WARN_UNDECLARED_SELECTOR = YES;
				GCC_WARN_UNINITIALIZED_AUTOS = YES_AGGRESSIVE;
				GCC_WARN_UNUSED_FUNCTION = YES;
				GCC_WARN_UNUSED_VARIABLE = YES;
				IPHONEOS_DEPLOYMENT_TARGET = 9.1;
				MTL_ENABLE_DEBUG_INFO = YES;
				ONLY_ACTIVE_ARCH = YES;
				SDKROOT = iphoneos;
				SWIFT_OPTIMIZATION_LEVEL = "-Onone";
			};
			name = Debug;
		};
		7ABEEDC81C32D43700B8C309 /* Release */ = {
			isa = XCBuildConfiguration;
			buildSettings = {
				ALWAYS_SEARCH_USER_PATHS = NO;
				CLANG_CXX_LANGUAGE_STANDARD = "gnu++0x";
				CLANG_CXX_LIBRARY = "libc++";
				CLANG_ENABLE_MODULES = YES;
				CLANG_ENABLE_OBJC_ARC = YES;
				CLANG_WARN_BOOL_CONVERSION = YES;
				CLANG_WARN_CONSTANT_CONVERSION = YES;
				CLANG_WARN_DIRECT_OBJC_ISA_USAGE = YES_ERROR;
				CLANG_WARN_EMPTY_BODY = YES;
				CLANG_WARN_ENUM_CONVERSION = YES;
				CLANG_WARN_INT_CONVERSION = YES;
				CLANG_WARN_OBJC_ROOT_CLASS = YES_ERROR;
				CLANG_WARN_UNREACHABLE_CODE = YES;
				CLANG_WARN__DUPLICATE_METHOD_MATCH = YES;
				"CODE_SIGN_IDENTITY[sdk=iphoneos*]" = "iPhone Developer";
				COPY_PHASE_STRIP = NO;
				DEBUG_INFORMATION_FORMAT = "dwarf-with-dsym";
				ENABLE_NS_ASSERTIONS = NO;
				ENABLE_STRICT_OBJC_MSGSEND = YES;
				GCC_C_LANGUAGE_STANDARD = gnu99;
				GCC_NO_COMMON_BLOCKS = YES;
				GCC_WARN_64_TO_32_BIT_CONVERSION = YES;
				GCC_WARN_ABOUT_RETURN_TYPE = YES_ERROR;
				GCC_WARN_UNDECLARED_SELECTOR = YES;
				GCC_WARN_UNINITIALIZED_AUTOS = YES_AGGRESSIVE;
				GCC_WARN_UNUSED_FUNCTION = YES;
				GCC_WARN_UNUSED_VARIABLE = YES;
				IPHONEOS_DEPLOYMENT_TARGET = 9.1;
				MTL_ENABLE_DEBUG_INFO = NO;
				SDKROOT = iphoneos;
				VALIDATE_PRODUCT = YES;
			};
			name = Release;
		};
		7ABEEDCA1C32D43700B8C309 /* Debug */ = {
			isa = XCBuildConfiguration;
			baseConfigurationReference = BC5332E3C97C24D92D224A88 /* Pods.debug.xcconfig */;
			buildSettings = {
				ASSETCATALOG_COMPILER_APPICON_NAME = AppIcon;
				INFOPLIST_FILE = "Prime-IT/Info.plist";
				LD_RUNPATH_SEARCH_PATHS = "$(inherited) @executable_path/Frameworks";
				PRODUCT_BUNDLE_IDENTIFIER = "Prime.Prime-IT";
				PRODUCT_NAME = "$(TARGET_NAME)";
			};
			name = Debug;
		};
		7ABEEDCB1C32D43700B8C309 /* Release */ = {
			isa = XCBuildConfiguration;
			baseConfigurationReference = A1A62343FB6B6B6F1666CD5D /* Pods.release.xcconfig */;
			buildSettings = {
				ASSETCATALOG_COMPILER_APPICON_NAME = AppIcon;
				INFOPLIST_FILE = "Prime-IT/Info.plist";
				LD_RUNPATH_SEARCH_PATHS = "$(inherited) @executable_path/Frameworks";
				PRODUCT_BUNDLE_IDENTIFIER = "Prime.Prime-IT";
				PRODUCT_NAME = "$(TARGET_NAME)";
			};
			name = Release;
		};
		7ABEEDCD1C32D43700B8C309 /* Debug */ = {
			isa = XCBuildConfiguration;
			buildSettings = {
				BUNDLE_LOADER = "$(TEST_HOST)";
				INFOPLIST_FILE = "Prime-ITTests/Info.plist";
				LD_RUNPATH_SEARCH_PATHS = "$(inherited) @executable_path/Frameworks @loader_path/Frameworks";
				PRODUCT_BUNDLE_IDENTIFIER = "Prime.Prime-ITTests";
				PRODUCT_NAME = "$(TARGET_NAME)";
				TEST_HOST = "$(BUILT_PRODUCTS_DIR)/Prime-IT.app/Prime-IT";
			};
			name = Debug;
		};
		7ABEEDCE1C32D43700B8C309 /* Release */ = {
			isa = XCBuildConfiguration;
			buildSettings = {
				BUNDLE_LOADER = "$(TEST_HOST)";
				INFOPLIST_FILE = "Prime-ITTests/Info.plist";
				LD_RUNPATH_SEARCH_PATHS = "$(inherited) @executable_path/Frameworks @loader_path/Frameworks";
				PRODUCT_BUNDLE_IDENTIFIER = "Prime.Prime-ITTests";
				PRODUCT_NAME = "$(TARGET_NAME)";
				TEST_HOST = "$(BUILT_PRODUCTS_DIR)/Prime-IT.app/Prime-IT";
			};
			name = Release;
		};
		7ABEEDD01C32D43700B8C309 /* Debug */ = {
			isa = XCBuildConfiguration;
			buildSettings = {
				INFOPLIST_FILE = "Prime-ITUITests/Info.plist";
				LD_RUNPATH_SEARCH_PATHS = "$(inherited) @executable_path/Frameworks @loader_path/Frameworks";
				PRODUCT_BUNDLE_IDENTIFIER = "Prime.Prime-ITUITests";
				PRODUCT_NAME = "$(TARGET_NAME)";
				TEST_TARGET_NAME = "Prime-IT";
				USES_XCTRUNNER = YES;
			};
			name = Debug;
		};
		7ABEEDD11C32D43700B8C309 /* Release */ = {
			isa = XCBuildConfiguration;
			buildSettings = {
				INFOPLIST_FILE = "Prime-ITUITests/Info.plist";
				LD_RUNPATH_SEARCH_PATHS = "$(inherited) @executable_path/Frameworks @loader_path/Frameworks";
				PRODUCT_BUNDLE_IDENTIFIER = "Prime.Prime-ITUITests";
				PRODUCT_NAME = "$(TARGET_NAME)";
				TEST_TARGET_NAME = "Prime-IT";
				USES_XCTRUNNER = YES;
			};
			name = Release;
		};
/* End XCBuildConfiguration section */

/* Begin XCConfigurationList section */
		7ABEED991C32D43600B8C309 /* Build configuration list for PBXProject "Prime-IT" */ = {
			isa = XCConfigurationList;
			buildConfigurations = (
				7ABEEDC71C32D43700B8C309 /* Debug */,
				7ABEEDC81C32D43700B8C309 /* Release */,
			);
			defaultConfigurationIsVisible = 0;
			defaultConfigurationName = Release;
		};
		7ABEEDC91C32D43700B8C309 /* Build configuration list for PBXNativeTarget "Prime-IT" */ = {
			isa = XCConfigurationList;
			buildConfigurations = (
				7ABEEDCA1C32D43700B8C309 /* Debug */,
				7ABEEDCB1C32D43700B8C309 /* Release */,
			);
			defaultConfigurationIsVisible = 0;
			defaultConfigurationName = Release;
		};
		7ABEEDCC1C32D43700B8C309 /* Build configuration list for PBXNativeTarget "Prime-ITTests" */ = {
			isa = XCConfigurationList;
			buildConfigurations = (
				7ABEEDCD1C32D43700B8C309 /* Debug */,
				7ABEEDCE1C32D43700B8C309 /* Release */,
			);
			defaultConfigurationIsVisible = 0;
			defaultConfigurationName = Release;
		};
		7ABEEDCF1C32D43700B8C309 /* Build configuration list for PBXNativeTarget "Prime-ITUITests" */ = {
			isa = XCConfigurationList;
			buildConfigurations = (
				7ABEEDD01C32D43700B8C309 /* Debug */,
				7ABEEDD11C32D43700B8C309 /* Release */,
			);
			defaultConfigurationIsVisible = 0;
			defaultConfigurationName = Release;
		};
/* End XCConfigurationList section */

/* Begin XCVersionGroup section */
		7ABEEDA81C32D43600B8C309 /* Prime_IT.xcdatamodeld */ = {
			isa = XCVersionGroup;
			children = (
				7ABEEDA91C32D43600B8C309 /* Prime_IT.xcdatamodel */,
			);
			currentVersion = 7ABEEDA91C32D43600B8C309 /* Prime_IT.xcdatamodel */;
			path = Prime_IT.xcdatamodeld;
			sourceTree = "<group>";
			versionGroupType = wrapper.xcdatamodel;
		};
/* End XCVersionGroup section */
	};
	rootObject = 7ABEED961C32D43600B8C309 /* Project object */;
}
